
Microsoft Visual Studio Solution File, Format Version 12.00
# Visual Studio Version 17
VisualStudioVersion = 17.0.32126.317
MinimumVisualStudioVersion = 10.0.40219.1
Project("{FAE04EC0-301F-11D3-BF4B-00C04F79EFBC}") = "Task28_CSharpDebugging", "Task28_CSharpDebugging.csproj", "{74612B52-8455-4378-88F4-F0E48C145E8C}"
EndProject
Global
	GlobalSection(SolutionConfigurationPlatforms) = preSolution
		Debug|Any CPU = Debug|Any CPU
		Release|Any CPU = Release|Any CPU
	EndGlobalSection
	GlobalSection(ProjectConfigurationPlatforms) = postSolution
		{74612B52-8455-4378-88F4-F0E48C145E8C}.Debug|Any CPU.ActiveCfg = Debug|Any CPU
		{74612B52-8455-4378-88F4-F0E48C145E8C}.Debug|Any CPU.Build.0 = Debug|Any CPU
		{74612B52-8455-4378-88F4-F0E48C145E8C}.Release|Any CPU.ActiveCfg = Release|Any CPU
		{74612B52-8455-4378-88F4-F0E48C145E8C}.Release|Any CPU.Build.0 = Release|Any CPU
	EndGlobalSection
	GlobalSection(SolutionProperties) = preSolution
		HideSolutionNode = FALSE
	EndGlobalSection
	GlobalSection(ExtensibilityGlobals) = postSolution
		SolutionGuid = {CC8A9EF2-CC97-4D45-ABAA-30B3DF91FB45}
	EndGlobalSection
EndGlobal
